
Microsoft Visual Studio Solution File, Format Version 12.00
# Visual Studio 14
VisualStudioVersion = 14.0.25420.1
MinimumVisualStudioVersion = 10.0.40219.1
Project("{FAE04EC0-301F-11D3-BF4B-00C04F79EFBC}") = "CsvView.Old", "CsvView.Old.csproj", "{587169B9-7891-4A2F-8537-9196898B86AF}"
EndProject
Project("{FAE04EC0-301F-11D3-BF4B-00C04F79EFBC}") = "CsvLib", "CsvLib\CsvLib.csproj", "{EB0FDB60-8B9D-401C-85A8-4CF4105D5063}"
EndProject
Project("{FAE04EC0-301F-11D3-BF4B-00C04F79EFBC}") = "CsvLib.Tests", "CsvLib.Tests\CsvLib.Tests.csproj", "{EC5C84D8-1CDE-4AED-9C16-6C4086A20893}"
EndProject
Project("{FAE04EC0-301F-11D3-BF4B-00C04F79EFBC}") = "CsvView", "CsvView\CsvView.csproj", "{65A0A7DA-5884-4DFE-8223-C8F5DBD881A8}"
EndProject
Global
	GlobalSection(SolutionConfigurationPlatforms) = preSolution
		Debug|Any CPU = Debug|Any CPU
		Release|Any CPU = Release|Any CPU
	EndGlobalSection
	GlobalSection(ProjectConfigurationPlatforms) = postSolution
		{587169B9-7891-4A2F-8537-9196898B86AF}.Debug|Any CPU.ActiveCfg = Debug|Any CPU
		{587169B9-7891-4A2F-8537-9196898B86AF}.Debug|Any CPU.Build.0 = Debug|Any CPU
		{587169B9-7891-4A2F-8537-9196898B86AF}.Release|Any CPU.ActiveCfg = Release|Any CPU
		{587169B9-7891-4A2F-8537-9196898B86AF}.Release|Any CPU.Build.0 = Release|Any CPU
		{EB0FDB60-8B9D-401C-85A8-4CF4105D5063}.Debug|Any CPU.ActiveCfg = Debug|Any CPU
		{EB0FDB60-8B9D-401C-85A8-4CF4105D5063}.Debug|Any CPU.Build.0 = Debug|Any CPU
		{EB0FDB60-8B9D-401C-85A8-4CF4105D5063}.Release|Any CPU.ActiveCfg = Release|Any CPU
		{EB0FDB60-8B9D-401C-85A8-4CF4105D5063}.Release|Any CPU.Build.0 = Release|Any CPU
		{EC5C84D8-1CDE-4AED-9C16-6C4086A20893}.Debug|Any CPU.ActiveCfg = Debug|Any CPU
		{EC5C84D8-1CDE-4AED-9C16-6C4086A20893}.Debug|Any CPU.Build.0 = Debug|Any CPU
		{EC5C84D8-1CDE-4AED-9C16-6C4086A20893}.Release|Any CPU.ActiveCfg = Release|Any CPU
		{EC5C84D8-1CDE-4AED-9C16-6C4086A20893}.Release|Any CPU.Build.0 = Release|Any CPU
		{65A0A7DA-5884-4DFE-8223-C8F5DBD881A8}.Debug|Any CPU.ActiveCfg = Debug|Any CPU
		{65A0A7DA-5884-4DFE-8223-C8F5DBD881A8}.Debug|Any CPU.Build.0 = Debug|Any CPU
		{65A0A7DA-5884-4DFE-8223-C8F5DBD881A8}.Release|Any CPU.ActiveCfg = Release|Any CPU
		{65A0A7DA-5884-4DFE-8223-C8F5DBD881A8}.Release|Any CPU.Build.0 = Release|Any CPU
	EndGlobalSection
	GlobalSection(SolutionProperties) = preSolution
		HideSolutionNode = FALSE
	EndGlobalSection
EndGlobal
